
Microsoft Visual Studio Solution File, Format Version 12.00
# Visual Studio Version 17
VisualStudioVersion = 17.5.33502.453
MinimumVisualStudioVersion = 10.0.40219.1
Project("{FAE04EC0-301F-11D3-BF4B-00C04F79EFBC}") = "Lamda_Study", "Csharp_Study\Lamda_Study.csproj", "{D663BDB8-053C-42CB-BE46-B962C811CECF}"
EndProject
Global
	GlobalSection(SolutionConfigurationPlatforms) = preSolution
		Debug|Any CPU = Debug|Any CPU
		Release|Any CPU = Release|Any CPU
	EndGlobalSection
	GlobalSection(ProjectConfigurationPlatforms) = postSolution
		{D663BDB8-053C-42CB-BE46-B962C811CECF}.Debug|Any CPU.ActiveCfg = Debug|Any CPU
		{D663BDB8-053C-42CB-BE46-B962C811CECF}.Debug|Any CPU.Build.0 = Debug|Any CPU
		{D663BDB8-053C-42CB-BE46-B962C811CECF}.Release|Any CPU.ActiveCfg = Release|Any CPU
		{D663BDB8-053C-42CB-BE46-B962C811CECF}.Release|Any CPU.Build.0 = Release|Any CPU
	EndGlobalSection
	GlobalSection(SolutionProperties) = preSolution
		HideSolutionNode = FALSE
	EndGlobalSection
	GlobalSection(ExtensibilityGlobals) = postSolution
		SolutionGuid = {6F3EADFD-447D-402E-9034-5966EF8C55E1}
	EndGlobalSection
EndGlobal
